// !$*UTF8*$!
{
	archiveVersion = 1;
	classes = {
	};
	objectVersion = 50;
	objects = {

/* Begin PBXBuildFile section */
		7496DF95251C745900D1A0D1 /* NOSwipeRefreshLayout.h in Headers */ = {isa = PBXBuildFile; fileRef = 7496DF93251C745900D1A0D1 /* NOSwipeRefreshLayout.h */; settings = {ATTRIBUTES = (Public, ); }; };
		7496DFA6251C748D00D1A0D1 /* ProgressBarView.swift in Sources */ = {isa = PBXBuildFile; fileRef = 7496DFA3251C748D00D1A0D1 /* ProgressBarView.swift */; };
		7496DFA7251C748D00D1A0D1 /* NOSwipeRefreshLayout.swift in Sources */ = {isa = PBXBuildFile; fileRef = 7496DFA4251C748D00D1A0D1 /* NOSwipeRefreshLayout.swift */; };
		7496DFA8251C748D00D1A0D1 /* ScrollOffsetPreferenceKey.swift in Sources */ = {isa = PBXBuildFile; fileRef = 7496DFA5251C748D00D1A0D1 /* ScrollOffsetPreferenceKey.swift */; };
		7496DFB2251C75C400D1A0D1 /* SampleApp.swift in Sources */ = {isa = PBXBuildFile; fileRef = 7496DFB1251C75C400D1A0D1 /* SampleApp.swift */; };
		7496DFB4251C75C400D1A0D1 /* ContentView.swift in Sources */ = {isa = PBXBuildFile; fileRef = 7496DFB3251C75C400D1A0D1 /* ContentView.swift */; };
		7496DFB6251C75C400D1A0D1 /* Assets.xcassets in Resources */ = {isa = PBXBuildFile; fileRef = 7496DFB5251C75C400D1A0D1 /* Assets.xcassets */; };
		7496DFB9251C75C400D1A0D1 /* Preview Assets.xcassets in Resources */ = {isa = PBXBuildFile; fileRef = 7496DFB8251C75C400D1A0D1 /* Preview Assets.xcassets */; };
		7496DFC1251C763800D1A0D1 /* NOSwipeRefreshLayout.framework in Frameworks */ = {isa = PBXBuildFile; fileRef = 7496DF90251C745900D1A0D1 /* NOSwipeRefreshLayout.framework */; };
		7496DFC2251C763800D1A0D1 /* NOSwipeRefreshLayout.framework in Embed Frameworks */ = {isa = PBXBuildFile; fileRef = 7496DF90251C745900D1A0D1 /* NOSwipeRefreshLayout.framework */; settings = {ATTRIBUTES = (CodeSignOnCopy, RemoveHeadersOnCopy, ); }; };
		74B8D0D3251C96F6007E138D /* SizePreferenceKey.swift in Sources */ = {isa = PBXBuildFile; fileRef = 74B8D0D2251C96F6007E138D /* SizePreferenceKey.swift */; };
		74FAD89725233A0000DDD05B /* AppDelegate.swift in Sources */ = {isa = PBXBuildFile; fileRef = 74FAD89625233A0000DDD05B /* AppDelegate.swift */; };
		74FAD89925233A0000DDD05B /* SceneDelegate.swift in Sources */ = {isa = PBXBuildFile; fileRef = 74FAD89825233A0000DDD05B /* SceneDelegate.swift */; };
		74FAD89B25233A0100DDD05B /* ContentView.swift in Sources */ = {isa = PBXBuildFile; fileRef = 74FAD89A25233A0000DDD05B /* ContentView.swift */; };
		74FAD89D25233A0200DDD05B /* Assets.xcassets in Resources */ = {isa = PBXBuildFile; fileRef = 74FAD89C25233A0200DDD05B /* Assets.xcassets */; };
		74FAD8A025233A0200DDD05B /* Preview Assets.xcassets in Resources */ = {isa = PBXBuildFile; fileRef = 74FAD89F25233A0200DDD05B /* Preview Assets.xcassets */; };
		74FAD8A325233A0200DDD05B /* LaunchScreen.storyboard in Resources */ = {isa = PBXBuildFile; fileRef = 74FAD8A125233A0200DDD05B /* LaunchScreen.storyboard */; };
		74FAD8AC25233A2600DDD05B /* NOSwipeRefreshLayout.framework in Frameworks */ = {isa = PBXBuildFile; fileRef = 7496DF90251C745900D1A0D1 /* NOSwipeRefreshLayout.framework */; };
		74FAD8AD25233A2600DDD05B /* NOSwipeRefreshLayout.framework in Embed Frameworks */ = {isa = PBXBuildFile; fileRef = 7496DF90251C745900D1A0D1 /* NOSwipeRefreshLayout.framework */; settings = {ATTRIBUTES = (CodeSignOnCopy, RemoveHeadersOnCopy, ); }; };
/* End PBXBuildFile section */

/* Begin PBXContainerItemProxy section */
		7496DFC3251C763800D1A0D1 /* PBXContainerItemProxy */ = {
			isa = PBXContainerItemProxy;
			containerPortal = 7496DF87251C745900D1A0D1 /* Project object */;
			proxyType = 1;
			remoteGlobalIDString = 7496DF8F251C745900D1A0D1;
			remoteInfo = NOSwipeRefreshLayout;
		};
		74FAD8AE25233A2600DDD05B /* PBXContainerItemProxy */ = {
			isa = PBXContainerItemProxy;
			containerPortal = 7496DF87251C745900D1A0D1 /* Project object */;
			proxyType = 1;
			remoteGlobalIDString = 7496DF8F251C745900D1A0D1;
			remoteInfo = NOSwipeRefreshLayout;
		};
/* End PBXContainerItemProxy section */

/* Begin PBXCopyFilesBuildPhase section */
		7496DFC5251C763800D1A0D1 /* Embed Frameworks */ = {
			isa = PBXCopyFilesBuildPhase;
			buildActionMask = 2147483647;
			dstPath = "";
			dstSubfolderSpec = 10;
			files = (
				7496DFC2251C763800D1A0D1 /* NOSwipeRefreshLayout.framework in Embed Frameworks */,
			);
			name = "Embed Frameworks";
			runOnlyForDeploymentPostprocessing = 0;
		};
		74FAD8B025233A2600DDD05B /* Embed Frameworks */ = {
			isa = PBXCopyFilesBuildPhase;
			buildActionMask = 2147483647;
			dstPath = "";
			dstSubfolderSpec = 10;
			files = (
				74FAD8AD25233A2600DDD05B /* NOSwipeRefreshLayout.framework in Embed Frameworks */,
			);
			name = "Embed Frameworks";
			runOnlyForDeploymentPostprocessing = 0;
		};
/* End PBXCopyFilesBuildPhase section */

/* Begin PBXFileReference section */
		7496DF90251C745900D1A0D1 /* NOSwipeRefreshLayout.framework */ = {isa = PBXFileReference; explicitFileType = wrapper.framework; includeInIndex = 0; path = NOSwipeRefreshLayout.framework; sourceTree = BUILT_PRODUCTS_DIR; };
		7496DF93251C745900D1A0D1 /* NOSwipeRefreshLayout.h */ = {isa = PBXFileReference; lastKnownFileType = sourcecode.c.h; path = NOSwipeRefreshLayout.h; sourceTree = "<group>"; };
		7496DF94251C745900D1A0D1 /* Info.plist */ = {isa = PBXFileReference; lastKnownFileType = text.plist.xml; path = Info.plist; sourceTree = "<group>"; };
		7496DFA3251C748D00D1A0D1 /* ProgressBarView.swift */ = {isa = PBXFileReference; fileEncoding = 4; lastKnownFileType = sourcecode.swift; path = ProgressBarView.swift; sourceTree = "<group>"; };
		7496DFA4251C748D00D1A0D1 /* NOSwipeRefreshLayout.swift */ = {isa = PBXFileReference; fileEncoding = 4; lastKnownFileType = sourcecode.swift; path = NOSwipeRefreshLayout.swift; sourceTree = "<group>"; };
		7496DFA5251C748D00D1A0D1 /* ScrollOffsetPreferenceKey.swift */ = {isa = PBXFileReference; fileEncoding = 4; lastKnownFileType = sourcecode.swift; path = ScrollOffsetPreferenceKey.swift; sourceTree = "<group>"; };
		7496DFAF251C75C400D1A0D1 /* Sample.app */ = {isa = PBXFileReference; explicitFileType = wrapper.application; includeInIndex = 0; path = Sample.app; sourceTree = BUILT_PRODUCTS_DIR; };
		7496DFB1251C75C400D1A0D1 /* SampleApp.swift */ = {isa = PBXFileReference; lastKnownFileType = sourcecode.swift; path = SampleApp.swift; sourceTree = "<group>"; };
		7496DFB3251C75C400D1A0D1 /* ContentView.swift */ = {isa = PBXFileReference; lastKnownFileType = sourcecode.swift; path = ContentView.swift; sourceTree = "<group>"; };
		7496DFB5251C75C400D1A0D1 /* Assets.xcassets */ = {isa = PBXFileReference; lastKnownFileType = folder.assetcatalog; path = Assets.xcassets; sourceTree = "<group>"; };
		7496DFB8251C75C400D1A0D1 /* Preview Assets.xcassets */ = {isa = PBXFileReference; lastKnownFileType = folder.assetcatalog; path = "Preview Assets.xcassets"; sourceTree = "<group>"; };
		7496DFBA251C75C400D1A0D1 /* Info.plist */ = {isa = PBXFileReference; lastKnownFileType = text.plist.xml; path = Info.plist; sourceTree = "<group>"; };
		74B8D0D2251C96F6007E138D /* SizePreferenceKey.swift */ = {isa = PBXFileReference; lastKnownFileType = sourcecode.swift; path = SizePreferenceKey.swift; sourceTree = "<group>"; };
		74FAD89425233A0000DDD05B /* Sample2.app */ = {isa = PBXFileReference; explicitFileType = wrapper.application; includeInIndex = 0; path = Sample2.app; sourceTree = BUILT_PRODUCTS_DIR; };
		74FAD89625233A0000DDD05B /* AppDelegate.swift */ = {isa = PBXFileReference; lastKnownFileType = sourcecode.swift; path = AppDelegate.swift; sourceTree = "<group>"; };
		74FAD89825233A0000DDD05B /* SceneDelegate.swift */ = {isa = PBXFileReference; lastKnownFileType = sourcecode.swift; path = SceneDelegate.swift; sourceTree = "<group>"; };
		74FAD89A25233A0000DDD05B /* ContentView.swift */ = {isa = PBXFileReference; lastKnownFileType = sourcecode.swift; path = ContentView.swift; sourceTree = "<group>"; };
		74FAD89C25233A0200DDD05B /* Assets.xcassets */ = {isa = PBXFileReference; lastKnownFileType = folder.assetcatalog; path = Assets.xcassets; sourceTree = "<group>"; };
		74FAD89F25233A0200DDD05B /* Preview Assets.xcassets */ = {isa = PBXFileReference; lastKnownFileType = folder.assetcatalog; path = "Preview Assets.xcassets"; sourceTree = "<group>"; };
		74FAD8A225233A0200DDD05B /* Base */ = {isa = PBXFileReference; lastKnownFileType = file.storyboard; name = Base; path = Base.lproj/LaunchScreen.storyboard; sourceTree = "<group>"; };
		74FAD8A425233A0200DDD05B /* Info.plist */ = {isa = PBXFileReference; lastKnownFileType = text.plist.xml; path = Info.plist; sourceTree = "<group>"; };
/* End PBXFileReference section */

/* Begin PBXFrameworksBuildPhase section */
		7496DF8D251C745900D1A0D1 /* Frameworks */ = {
			isa = PBXFrameworksBuildPhase;
			buildActionMask = 2147483647;
			files = (
			);
			runOnlyForDeploymentPostprocessing = 0;
		};
		7496DFAC251C75C400D1A0D1 /* Frameworks */ = {
			isa = PBXFrameworksBuildPhase;
			buildActionMask = 2147483647;
			files = (
				7496DFC1251C763800D1A0D1 /* NOSwipeRefreshLayout.framework in Frameworks */,
			);
			runOnlyForDeploymentPostprocessing = 0;
		};
		74FAD89125233A0000DDD05B /* Frameworks */ = {
			isa = PBXFrameworksBuildPhase;
			buildActionMask = 2147483647;
			files = (
				74FAD8AC25233A2600DDD05B /* NOSwipeRefreshLayout.framework in Frameworks */,
			);
			runOnlyForDeploymentPostprocessing = 0;
		};
/* End PBXFrameworksBuildPhase section */

/* Begin PBXGroup section */
		7496DF86251C745900D1A0D1 = {
			isa = PBXGroup;
			children = (
				7496DF92251C745900D1A0D1 /* NOSwipeRefreshLayout */,
				7496DFB0251C75C400D1A0D1 /* Sample */,
				74FAD89525233A0000DDD05B /* Sample2 */,
				7496DF91251C745900D1A0D1 /* Products */,
				7496DFC0251C763800D1A0D1 /* Frameworks */,
			);
			sourceTree = "<group>";
		};
		7496DF91251C745900D1A0D1 /* Products */ = {
			isa = PBXGroup;
			children = (
				7496DF90251C745900D1A0D1 /* NOSwipeRefreshLayout.framework */,
				7496DFAF251C75C400D1A0D1 /* Sample.app */,
				74FAD89425233A0000DDD05B /* Sample2.app */,
			);
			name = Products;
			sourceTree = "<group>";
		};
		7496DF92251C745900D1A0D1 /* NOSwipeRefreshLayout */ = {
			isa = PBXGroup;
			children = (
				7496DF94251C745900D1A0D1 /* Info.plist */,
				7496DF93251C745900D1A0D1 /* NOSwipeRefreshLayout.h */,
				7496DFA4251C748D00D1A0D1 /* NOSwipeRefreshLayout.swift */,
				7496DFA3251C748D00D1A0D1 /* ProgressBarView.swift */,
				7496DFA5251C748D00D1A0D1 /* ScrollOffsetPreferenceKey.swift */,
				74B8D0D2251C96F6007E138D /* SizePreferenceKey.swift */,
			);
			path = NOSwipeRefreshLayout;
			sourceTree = "<group>";
		};
		7496DFB0251C75C400D1A0D1 /* Sample */ = {
			isa = PBXGroup;
			children = (
				7496DFB1251C75C400D1A0D1 /* SampleApp.swift */,
				7496DFB3251C75C400D1A0D1 /* ContentView.swift */,
				7496DFB5251C75C400D1A0D1 /* Assets.xcassets */,
				7496DFBA251C75C400D1A0D1 /* Info.plist */,
				7496DFB7251C75C400D1A0D1 /* Preview Content */,
			);
			path = Sample;
			sourceTree = "<group>";
		};
		7496DFB7251C75C400D1A0D1 /* Preview Content */ = {
			isa = PBXGroup;
			children = (
				7496DFB8251C75C400D1A0D1 /* Preview Assets.xcassets */,
			);
			path = "Preview Content";
			sourceTree = "<group>";
		};
		7496DFC0251C763800D1A0D1 /* Frameworks */ = {
			isa = PBXGroup;
			children = (
			);
			name = Frameworks;
			sourceTree = "<group>";
		};
		74FAD89525233A0000DDD05B /* Sample2 */ = {
			isa = PBXGroup;
			children = (
				74FAD89625233A0000DDD05B /* AppDelegate.swift */,
				74FAD89825233A0000DDD05B /* SceneDelegate.swift */,
				74FAD89A25233A0000DDD05B /* ContentView.swift */,
				74FAD89C25233A0200DDD05B /* Assets.xcassets */,
				74FAD8A125233A0200DDD05B /* LaunchScreen.storyboard */,
				74FAD8A425233A0200DDD05B /* Info.plist */,
				74FAD89E25233A0200DDD05B /* Preview Content */,
			);
			path = Sample2;
			sourceTree = "<group>";
		};
		74FAD89E25233A0200DDD05B /* Preview Content */ = {
			isa = PBXGroup;
			children = (
				74FAD89F25233A0200DDD05B /* Preview Assets.xcassets */,
			);
			path = "Preview Content";
			sourceTree = "<group>";
		};
/* End PBXGroup section */

/* Begin PBXHeadersBuildPhase section */
		7496DF8B251C745900D1A0D1 /* Headers */ = {
			isa = PBXHeadersBuildPhase;
			buildActionMask = 2147483647;
			files = (
				7496DF95251C745900D1A0D1 /* NOSwipeRefreshLayout.h in Headers */,
			);
			runOnlyForDeploymentPostprocessing = 0;
		};
/* End PBXHeadersBuildPhase section */

/* Begin PBXNativeTarget section */
		7496DF8F251C745900D1A0D1 /* NOSwipeRefreshLayout */ = {
			isa = PBXNativeTarget;
			buildConfigurationList = 7496DF98251C745900D1A0D1 /* Build configuration list for PBXNativeTarget "NOSwipeRefreshLayout" */;
			buildPhases = (
				7496DF8B251C745900D1A0D1 /* Headers */,
				7496DF8C251C745900D1A0D1 /* Sources */,
				7496DF8D251C745900D1A0D1 /* Frameworks */,
				7496DF8E251C745900D1A0D1 /* Resources */,
			);
			buildRules = (
			);
			dependencies = (
			);
			name = NOSwipeRefreshLayout;
			productName = NOSwipeRefreshLayout;
			productReference = 7496DF90251C745900D1A0D1 /* NOSwipeRefreshLayout.framework */;
			productType = "com.apple.product-type.framework";
		};
		7496DFAE251C75C400D1A0D1 /* Sample */ = {
			isa = PBXNativeTarget;
			buildConfigurationList = 7496DFBB251C75C400D1A0D1 /* Build configuration list for PBXNativeTarget "Sample" */;
			buildPhases = (
				7496DFAB251C75C400D1A0D1 /* Sources */,
				7496DFAC251C75C400D1A0D1 /* Frameworks */,
				7496DFAD251C75C400D1A0D1 /* Resources */,
				7496DFC5251C763800D1A0D1 /* Embed Frameworks */,
			);
			buildRules = (
			);
			dependencies = (
				7496DFC4251C763800D1A0D1 /* PBXTargetDependency */,
			);
			name = Sample;
			productName = Sample;
			productReference = 7496DFAF251C75C400D1A0D1 /* Sample.app */;
			productType = "com.apple.product-type.application";
		};
		74FAD89325233A0000DDD05B /* Sample2 */ = {
			isa = PBXNativeTarget;
			buildConfigurationList = 74FAD8A525233A0200DDD05B /* Build configuration list for PBXNativeTarget "Sample2" */;
			buildPhases = (
				74FAD89025233A0000DDD05B /* Sources */,
				74FAD89125233A0000DDD05B /* Frameworks */,
				74FAD89225233A0000DDD05B /* Resources */,
				74FAD8B025233A2600DDD05B /* Embed Frameworks */,
			);
			buildRules = (
			);
			dependencies = (
				74FAD8AF25233A2600DDD05B /* PBXTargetDependency */,
			);
			name = Sample2;
			productName = Sample2;
			productReference = 74FAD89425233A0000DDD05B /* Sample2.app */;
			productType = "com.apple.product-type.application";
		};
/* End PBXNativeTarget section */

/* Begin PBXProject section */
		7496DF87251C745900D1A0D1 /* Project object */ = {
			isa = PBXProject;
			attributes = {
				LastSwiftUpdateCheck = 1200;
				LastUpgradeCheck = 1200;
				TargetAttributes = {
					7496DF8F251C745900D1A0D1 = {
						CreatedOnToolsVersion = 12.0;
						LastSwiftMigration = 1200;
					};
					7496DFAE251C75C400D1A0D1 = {
						CreatedOnToolsVersion = 12.0;
					};
					74FAD89325233A0000DDD05B = {
						CreatedOnToolsVersion = 12.0.1;
					};
				};
			};
			buildConfigurationList = 7496DF8A251C745900D1A0D1 /* Build configuration list for PBXProject "NOSwipeRefreshLayout" */;
			compatibilityVersion = "Xcode 9.3";
			developmentRegion = en;
			hasScannedForEncodings = 0;
			knownRegions = (
				en,
				Base,
			);
			mainGroup = 7496DF86251C745900D1A0D1;
			productRefGroup = 7496DF91251C745900D1A0D1 /* Products */;
			projectDirPath = "";
			projectRoot = "";
			targets = (
				7496DF8F251C745900D1A0D1 /* NOSwipeRefreshLayout */,
				7496DFAE251C75C400D1A0D1 /* Sample */,
				74FAD89325233A0000DDD05B /* Sample2 */,
			);
		};
/* End PBXProject section */

/* Begin PBXResourcesBuildPhase section */
		7496DF8E251C745900D1A0D1 /* Resources */ = {
			isa = PBXResourcesBuildPhase;
			buildActionMask = 2147483647;
			files = (
			);
			runOnlyForDeploymentPostprocessing = 0;
		};
		7496DFAD251C75C400D1A0D1 /* Resources */ = {
			isa = PBXResourcesBuildPhase;
			buildActionMask = 2147483647;
			files = (
				7496DFB9251C75C400D1A0D1 /* Preview Assets.xcassets in Resources */,
				7496DFB6251C75C400D1A0D1 /* Assets.xcassets in Resources */,
			);
			runOnlyForDeploymentPostprocessing = 0;
		};
		74FAD89225233A0000DDD05B /* Resources */ = {
			isa = PBXResourcesBuildPhase;
			buildActionMask = 2147483647;
			files = (
				74FAD8A325233A0200DDD05B /* LaunchScreen.storyboard in Resources */,
				74FAD8A025233A0200DDD05B /* Preview Assets.xcassets in Resources */,
				74FAD89D25233A0200DDD05B /* Assets.xcassets in Resources */,
			);
			runOnlyForDeploymentPostprocessing = 0;
		};
/* End PBXResourcesBuildPhase section */

/* Begin PBXSourcesBuildPhase section */
		7496DF8C251C745900D1A0D1 /* Sources */ = {
			isa = PBXSourcesBuildPhase;
			buildActionMask = 2147483647;
			files = (
				7496DFA6251C748D00D1A0D1 /* ProgressBarView.swift in Sources */,
				74B8D0D3251C96F6007E138D /* SizePreferenceKey.swift in Sources */,
				7496DFA8251C748D00D1A0D1 /* ScrollOffsetPreferenceKey.swift in Sources */,
				7496DFA7251C748D00D1A0D1 /* NOSwipeRefreshLayout.swift in Sources */,
			);
			runOnlyForDeploymentPostprocessing = 0;
		};
		7496DFAB251C75C400D1A0D1 /* Sources */ = {
			isa = PBXSourcesBuildPhase;
			buildActionMask = 2147483647;
			files = (
				7496DFB4251C75C400D1A0D1 /* ContentView.swift in Sources */,
				7496DFB2251C75C400D1A0D1 /* SampleApp.swift in Sources */,
			);
			runOnlyForDeploymentPostprocessing = 0;
		};
		74FAD89025233A0000DDD05B /* Sources */ = {
			isa = PBXSourcesBuildPhase;
			buildActionMask = 2147483647;
			files = (
				74FAD89725233A0000DDD05B /* AppDelegate.swift in Sources */,
				74FAD89925233A0000DDD05B /* SceneDelegate.swift in Sources */,
				74FAD89B25233A0100DDD05B /* ContentView.swift in Sources */,
			);
			runOnlyForDeploymentPostprocessing = 0;
		};
/* End PBXSourcesBuildPhase section */

/* Begin PBXTargetDependency section */
		7496DFC4251C763800D1A0D1 /* PBXTargetDependency */ = {
			isa = PBXTargetDependency;
			target = 7496DF8F251C745900D1A0D1 /* NOSwipeRefreshLayout */;
			targetProxy = 7496DFC3251C763800D1A0D1 /* PBXContainerItemProxy */;
		};
		74FAD8AF25233A2600DDD05B /* PBXTargetDependency */ = {
			isa = PBXTargetDependency;
			target = 7496DF8F251C745900D1A0D1 /* NOSwipeRefreshLayout */;
			targetProxy = 74FAD8AE25233A2600DDD05B /* PBXContainerItemProxy */;
		};
/* End PBXTargetDependency section */

/* Begin PBXVariantGroup section */
		74FAD8A125233A0200DDD05B /* LaunchScreen.storyboard */ = {
			isa = PBXVariantGroup;
			children = (
				74FAD8A225233A0200DDD05B /* Base */,
			);
			name = LaunchScreen.storyboard;
			sourceTree = "<group>";
		};
/* End PBXVariantGroup section */

/* Begin XCBuildConfiguration section */
		7496DF96251C745900D1A0D1 /* Debug */ = {
			isa = XCBuildConfiguration;
			buildSettings = {
				ALWAYS_SEARCH_USER_PATHS = NO;
				CLANG_ANALYZER_NONNULL = YES;
				CLANG_ANALYZER_NUMBER_OBJECT_CONVERSION = YES_AGGRESSIVE;
				CLANG_CXX_LANGUAGE_STANDARD = "gnu++14";
				CLANG_CXX_LIBRARY = "libc++";
				CLANG_ENABLE_MODULES = YES;
				CLANG_ENABLE_OBJC_ARC = YES;
				CLANG_ENABLE_OBJC_WEAK = YES;
				CLANG_WARN_BLOCK_CAPTURE_AUTORELEASING = YES;
				CLANG_WARN_BOOL_CONVERSION = YES;
				CLANG_WARN_COMMA = YES;
				CLANG_WARN_CONSTANT_CONVERSION = YES;
				CLANG_WARN_DEPRECATED_OBJC_IMPLEMENTATIONS = YES;
				CLANG_WARN_DIRECT_OBJC_ISA_USAGE = YES_ERROR;
				CLANG_WARN_DOCUMENTATION_COMMENTS = YES;
				CLANG_WARN_EMPTY_BODY = YES;
				CLANG_WARN_ENUM_CONVERSION = YES;
				CLANG_WARN_INFINITE_RECURSION = YES;
				CLANG_WARN_INT_CONVERSION = YES;
				CLANG_WARN_NON_LITERAL_NULL_CONVERSION = YES;
				CLANG_WARN_OBJC_IMPLICIT_RETAIN_SELF = YES;
				CLANG_WARN_OBJC_LITERAL_CONVERSION = YES;
				CLANG_WARN_OBJC_ROOT_CLASS = YES_ERROR;
				CLANG_WARN_QUOTED_INCLUDE_IN_FRAMEWORK_HEADER = YES;
				CLANG_WARN_RANGE_LOOP_ANALYSIS = YES;
				CLANG_WARN_STRICT_PROTOTYPES = YES;
				CLANG_WARN_SUSPICIOUS_MOVE = YES;
				CLANG_WARN_UNGUARDED_AVAILABILITY = YES_AGGRESSIVE;
				CLANG_WARN_UNREACHABLE_CODE = YES;
				CLANG_WARN__DUPLICATE_METHOD_MATCH = YES;
				COPY_PHASE_STRIP = NO;
				CURRENT_PROJECT_VERSION = 1;
				DEBUG_INFORMATION_FORMAT = dwarf;
				ENABLE_STRICT_OBJC_MSGSEND = YES;
				ENABLE_TESTABILITY = YES;
				GCC_C_LANGUAGE_STANDARD = gnu11;
				GCC_DYNAMIC_NO_PIC = NO;
				GCC_NO_COMMON_BLOCKS = YES;
				GCC_OPTIMIZATION_LEVEL = 0;
				GCC_PREPROCESSOR_DEFINITIONS = (
					"DEBUG=1",
					"$(inherited)",
				);
				GCC_WARN_64_TO_32_BIT_CONVERSION = YES;
				GCC_WARN_ABOUT_RETURN_TYPE = YES_ERROR;
				GCC_WARN_UNDECLARED_SELECTOR = YES;
				GCC_WARN_UNINITIALIZED_AUTOS = YES_AGGRESSIVE;
				GCC_WARN_UNUSED_FUNCTION = YES;
				GCC_WARN_UNUSED_VARIABLE = YES;
				IPHONEOS_DEPLOYMENT_TARGET = 14.0;
				MTL_ENABLE_DEBUG_INFO = INCLUDE_SOURCE;
				MTL_FAST_MATH = YES;
				ONLY_ACTIVE_ARCH = YES;
				SDKROOT = iphoneos;
				SWIFT_ACTIVE_COMPILATION_CONDITIONS = DEBUG;
				SWIFT_OPTIMIZATION_LEVEL = "-Onone";
				VERSIONING_SYSTEM = "apple-generic";
				VERSION_INFO_PREFIX = "";
			};
			name = Debug;
		};
		7496DF97251C745900D1A0D1 /* Release */ = {
			isa = XCBuildConfiguration;
			buildSettings = {
				ALWAYS_SEARCH_USER_PATHS = NO;
				CLANG_ANALYZER_NONNULL = YES;
				CLANG_ANALYZER_NUMBER_OBJECT_CONVERSION = YES_AGGRESSIVE;
				CLANG_CXX_LANGUAGE_STANDARD = "gnu++14";
				CLANG_CXX_LIBRARY = "libc++";
				CLANG_ENABLE_MODULES = YES;
				CLANG_ENABLE_OBJC_ARC = YES;
				CLANG_ENABLE_OBJC_WEAK = YES;
				CLANG_WARN_BLOCK_CAPTURE_AUTORELEASING = YES;
				CLANG_WARN_BOOL_CONVERSION = YES;
				CLANG_WARN_COMMA = YES;
				CLANG_WARN_CONSTANT_CONVERSION = YES;
				CLANG_WARN_DEPRECATED_OBJC_IMPLEMENTATIONS = YES;
				CLANG_WARN_DIRECT_OBJC_ISA_USAGE = YES_ERROR;
				CLANG_WARN_DOCUMENTATION_COMMENTS = YES;
				CLANG_WARN_EMPTY_BODY = YES;
				CLANG_WARN_ENUM_CONVERSION = YES;
				CLANG_WARN_INFINITE_RECURSION = YES;
				CLANG_WARN_INT_CONVERSION = YES;
				CLANG_WARN_NON_LITERAL_NULL_CONVERSION = YES;
				CLANG_WARN_OBJC_IMPLICIT_RETAIN_SELF = YES;
				CLANG_WARN_OBJC_LITERAL_CONVERSION = YES;
				CLANG_WARN_OBJC_ROOT_CLASS = YES_ERROR;
				CLANG_WARN_QUOTED_INCLUDE_IN_FRAMEWORK_HEADER = YES;
				CLANG_WARN_RANGE_LOOP_ANALYSIS = YES;
				CLANG_WARN_STRICT_PROTOTYPES = YES;
				CLANG_WARN_SUSPICIOUS_MOVE = YES;
				CLANG_WARN_UNGUARDED_AVAILABILITY = YES_AGGRESSIVE;
				CLANG_WARN_UNREACHABLE_CODE = YES;
				CLANG_WARN__DUPLICATE_METHOD_MATCH = YES;
				COPY_PHASE_STRIP = NO;
				CURRENT_PROJECT_VERSION = 1;
				DEBUG_INFORMATION_FORMAT = "dwarf-with-dsym";
				ENABLE_NS_ASSERTIONS = NO;
				ENABLE_STRICT_OBJC_MSGSEND = YES;
				GCC_C_LANGUAGE_STANDARD = gnu11;
				GCC_NO_COMMON_BLOCKS = YES;
				GCC_WARN_64_TO_32_BIT_CONVERSION = YES;
				GCC_WARN_ABOUT_RETURN_TYPE = YES_ERROR;
				GCC_WARN_UNDECLARED_SELECTOR = YES;
				GCC_WARN_UNINITIALIZED_AUTOS = YES_AGGRESSIVE;
				GCC_WARN_UNUSED_FUNCTION = YES;
				GCC_WARN_UNUSED_VARIABLE = YES;
				IPHONEOS_DEPLOYMENT_TARGET = 14.0;
				MTL_ENABLE_DEBUG_INFO = NO;
				MTL_FAST_MATH = YES;
				SDKROOT = iphoneos;
				SWIFT_COMPILATION_MODE = wholemodule;
				SWIFT_OPTIMIZATION_LEVEL = "-O";
				VALIDATE_PRODUCT = YES;
				VERSIONING_SYSTEM = "apple-generic";
				VERSION_INFO_PREFIX = "";
			};
			name = Release;
		};
		7496DF99251C745900D1A0D1 /* Debug */ = {
			isa = XCBuildConfiguration;
			buildSettings = {
				CLANG_ENABLE_MODULES = YES;
				CODE_SIGN_STYLE = Automatic;
				DEFINES_MODULE = YES;
				DEVELOPMENT_TEAM = 9P8K2M27J8;
				DYLIB_COMPATIBILITY_VERSION = 1;
				DYLIB_CURRENT_VERSION = 1;
				DYLIB_INSTALL_NAME_BASE = "@rpath";
				INFOPLIST_FILE = NOSwipeRefreshLayout/Info.plist;
				INSTALL_PATH = "$(LOCAL_LIBRARY_DIR)/Frameworks";
				IPHONEOS_DEPLOYMENT_TARGET = 13.0;
				LD_RUNPATH_SEARCH_PATHS = (
					"$(inherited)",
					"@executable_path/Frameworks",
					"@loader_path/Frameworks",
				);
				PRODUCT_BUNDLE_IDENTIFIER = com.neetoffice.widget.NOSwipeRefreshLayout;
				PRODUCT_NAME = "$(TARGET_NAME:c99extidentifier)";
				SKIP_INSTALL = YES;
				SUPPORTS_MACCATALYST = NO;
				SWIFT_OPTIMIZATION_LEVEL = "-Onone";
				SWIFT_VERSION = 5.0;
				TARGETED_DEVICE_FAMILY = "1,2";
			};
			name = Debug;
		};
		7496DF9A251C745900D1A0D1 /* Release */ = {
			isa = XCBuildConfiguration;
			buildSettings = {
				CLANG_ENABLE_MODULES = YES;
				CODE_SIGN_STYLE = Automatic;
				DEFINES_MODULE = YES;
				DEVELOPMENT_TEAM = 9P8K2M27J8;
				DYLIB_COMPATIBILITY_VERSION = 1;
				DYLIB_CURRENT_VERSION = 1;
				DYLIB_INSTALL_NAME_BASE = "@rpath";
				INFOPLIST_FILE = NOSwipeRefreshLayout/Info.plist;
				INSTALL_PATH = "$(LOCAL_LIBRARY_DIR)/Frameworks";
				IPHONEOS_DEPLOYMENT_TARGET = 13.0;
				LD_RUNPATH_SEARCH_PATHS = (
					"$(inherited)",
					"@executable_path/Frameworks",
					"@loader_path/Frameworks",
				);
				PRODUCT_BUNDLE_IDENTIFIER = com.neetoffice.widget.NOSwipeRefreshLayout;
				PRODUCT_NAME = "$(TARGET_NAME:c99extidentifier)";
				SKIP_INSTALL = YES;
				SUPPORTS_MACCATALYST = NO;
				SWIFT_VERSION = 5.0;
				TARGETED_DEVICE_FAMILY = "1,2";
			};
			name = Release;
		};
		7496DFBC251C75C400D1A0D1 /* Debug */ = {
			isa = XCBuildConfiguration;
			buildSettings = {
				ASSETCATALOG_COMPILER_APPICON_NAME = AppIcon;
				ASSETCATALOG_COMPILER_GLOBAL_ACCENT_COLOR_NAME = AccentColor;
				CODE_SIGN_STYLE = Automatic;
				DEVELOPMENT_ASSET_PATHS = "\"Sample/Preview Content\"";
				DEVELOPMENT_TEAM = 9P8K2M27J8;
				ENABLE_PREVIEWS = YES;
				INFOPLIST_FILE = Sample/Info.plist;
				IPHONEOS_DEPLOYMENT_TARGET = 14.0;
				LD_RUNPATH_SEARCH_PATHS = (
					"$(inherited)",
					"@executable_path/Frameworks",
				);
				PRODUCT_BUNDLE_IDENTIFIER = com.neetoffice.widget.NOSwipeRefreshLayout.Sample;
				PRODUCT_NAME = "$(TARGET_NAME)";
				SWIFT_VERSION = 5.0;
				TARGETED_DEVICE_FAMILY = "1,2";
			};
			name = Debug;
		};
		7496DFBD251C75C400D1A0D1 /* Release */ = {
			isa = XCBuildConfiguration;
			buildSettings = {
				ASSETCATALOG_COMPILER_APPICON_NAME = AppIcon;
				ASSETCATALOG_COMPILER_GLOBAL_ACCENT_COLOR_NAME = AccentColor;
				CODE_SIGN_STYLE = Automatic;
				DEVELOPMENT_ASSET_PATHS = "\"Sample/Preview Content\"";
				DEVELOPMENT_TEAM = 9P8K2M27J8;
				ENABLE_PREVIEWS = YES;
				INFOPLIST_FILE = Sample/Info.plist;
				IPHONEOS_DEPLOYMENT_TARGET = 14.0;
				LD_RUNPATH_SEARCH_PATHS = (
					"$(inherited)",
					"@executable_path/Frameworks",
				);
				PRODUCT_BUNDLE_IDENTIFIER = com.neetoffice.widget.NOSwipeRefreshLayout.Sample;
				PRODUCT_NAME = "$(TARGET_NAME)";
				SWIFT_VERSION = 5.0;
				TARGETED_DEVICE_FAMILY = "1,2";
			};
			name = Release;
		};
		74FAD8A625233A0200DDD05B /* Debug */ = {
			isa = XCBuildConfiguration;
			buildSettings = {
				ASSETCATALOG_COMPILER_APPICON_NAME = AppIcon;
				ASSETCATALOG_COMPILER_GLOBAL_ACCENT_COLOR_NAME = AccentColor;
				CODE_SIGN_STYLE = Automatic;
				DEVELOPMENT_ASSET_PATHS = "\"Sample2/Preview Content\"";
				DEVELOPMENT_TEAM = 9P8K2M27J8;
				ENABLE_PREVIEWS = YES;
				INFOPLIST_FILE = Sample2/Info.plist;
				IPHONEOS_DEPLOYMENT_TARGET = 13.1;
				LD_RUNPATH_SEARCH_PATHS = (
					"$(inherited)",
					"@executable_path/Frameworks",
				);
				PRODUCT_BUNDLE_IDENTIFIER = com.neetoffice.widget.NOSwipeRefreshLayout.Sample2;
				PRODUCT_NAME = "$(TARGET_NAME)";
				SWIFT_VERSION = 5.0;
				TARGETED_DEVICE_FAMILY = "1,2";
			};
			name = Debug;
		};
		74FAD8A725233A0200DDD05B /* Release */ = {
			isa = XCBuildConfiguration;
			buildSettings = {
				ASSETCATALOG_COMPILER_APPICON_NAME = AppIcon;
				ASSETCATALOG_COMPILER_GLOBAL_ACCENT_COLOR_NAME = AccentColor;
				CODE_SIGN_STYLE = Automatic;
				DEVELOPMENT_ASSET_PATHS = "\"Sample2/Preview Content\"";
				DEVELOPMENT_TEAM = 9P8K2M27J8;
				ENABLE_PREVIEWS = YES;
				INFOPLIST_FILE = Sample2/Info.plist;
				IPHONEOS_DEPLOYMENT_TARGET = 13.1;
				LD_RUNPATH_SEARCH_PATHS = (
					"$(inherited)",
					"@executable_path/Frameworks",
				);
				PRODUCT_BUNDLE_IDENTIFIER = com.neetoffice.widget.NOSwipeRefreshLayout.Sample2;
				PRODUCT_NAME = "$(TARGET_NAME)";
				SWIFT_VERSION = 5.0;
				TARGETED_DEVICE_FAMILY = "1,2";
			};
			name = Release;
		};
/* End XCBuildConfiguration section */

/* Begin XCConfigurationList section */
		7496DF8A251C745900D1A0D1 /* Build configuration list for PBXProject "NOSwipeRefreshLayout" */ = {
			isa = XCConfigurationList;
			buildConfigurations = (
				7496DF96251C745900D1A0D1 /* Debug */,
				7496DF97251C745900D1A0D1 /* Release */,
			);
			defaultConfigurationIsVisible = 0;
			defaultConfigurationName = Release;
		};
		7496DF98251C745900D1A0D1 /* Build configuration list for PBXNativeTarget "NOSwipeRefreshLayout" */ = {
			isa = XCConfigurationList;
			buildConfigurations = (
				7496DF99251C745900D1A0D1 /* Debug */,
				7496DF9A251C745900D1A0D1 /* Release */,
			);
			defaultConfigurationIsVisible = 0;
			defaultConfigurationName = Release;
		};
		7496DFBB251C75C400D1A0D1 /* Build configuration list for PBXNativeTarget "Sample" */ = {
			isa = XCConfigurationList;
			buildConfigurations = (
				7496DFBC251C75C400D1A0D1 /* Debug */,
				7496DFBD251C75C400D1A0D1 /* Release */,
			);
			defaultConfigurationIsVisible = 0;
			defaultConfigurationName = Release;
		};
		74FAD8A525233A0200DDD05B /* Build configuration list for PBXNativeTarget "Sample2" */ = {
			isa = XCConfigurationList;
			buildConfigurations = (
				74FAD8A625233A0200DDD05B /* Debug */,
				74FAD8A725233A0200DDD05B /* Release */,
			);
			defaultConfigurationIsVisible = 0;
			defaultConfigurationName = Release;
		};
/* End XCConfigurationList section */
	};
	rootObject = 7496DF87251C745900D1A0D1 /* Project object */;
}
